
Microsoft Visual Studio Solution File, Format Version 12.00
# Visual Studio Version 17
VisualStudioVersion = 17.0.31903.59
MinimumVisualStudioVersion = 10.0.40219.1
Project("{2150E333-8FDC-42A3-9474-1A3956D46DE8}") = "src", "src", "{827E0CD3-B72D-47B6-A68D-7590B98EB39B}"
EndProject
Project("{FAE04EC0-301F-11D3-BF4B-00C04F79EFBC}") = "Arbitrage.Application", "src\Arbitrage.Application\Arbitrage.Application.csproj", "{BE282D57-8A3E-41A2-AE41-A4447FDD4FEA}"
EndProject
Project("{FAE04EC0-301F-11D3-BF4B-00C04F79EFBC}") = "Arbitrage.Domain", "src\Arbitrage.Domain\Arbitrage.Domain.csproj", "{13E974C0-AE27-4802-8ED7-E1EA9C503557}"
EndProject
Project("{FAE04EC0-301F-11D3-BF4B-00C04F79EFBC}") = "Arbitrage.Backend", "src\Arbitrage.Backend\Arbitrage.Backend.csproj", "{DDCD9990-7DFF-4238-BF37-95FCDC415FB9}"
EndProject
Project("{FAE04EC0-301F-11D3-BF4B-00C04F79EFBC}") = "Arbitrage.Infrastructure", "src\Arbitrage.Infrastructure\Arbitrage.Infrastructure.csproj", "{95D68F6C-AF5A-4EB7-8FC3-7AD01F3A50BB}"
EndProject
Project("{FAE04EC0-301F-11D3-BF4B-00C04F79EFBC}") = "Arbitrage.Contracts", "src\Arbitrage.Contracts\Arbitrage.Contracts.csproj", "{B4AC6B29-1AA7-43DE-B2F7-F51AA660FC16}"
EndProject
Project("{FAE04EC0-301F-11D3-BF4B-00C04F79EFBC}") = "Arbitrage.Connectors", "src\Arbitrage.Connectors\Arbitrage.Connectors.csproj", "{E3986B74-6512-4E4D-AA1B-86F28B0412EA}"
EndProject
Project("{FAE04EC0-301F-11D3-BF4B-00C04F79EFBC}") = "Arbitrage.Execution", "src\Arbitrage.Execution\Arbitrage.Execution.csproj", "{9E6E2319-A73F-4D81-BC4C-C9DC66214072}"
EndProject
Project("{FAE04EC0-301F-11D3-BF4B-00C04F79EFBC}") = "Arbitrage.Strategies", "src\Arbitrage.Strategies\Arbitrage.Strategies.csproj", "{AC485686-84BA-45CC-B5EC-38F243F4C4B7}"
EndProject
Project("{FAE04EC0-301F-11D3-BF4B-00C04F79EFBC}") = "Arbitrage.Desktop", "src\Arbitrage.Desktop\Arbitrage.Desktop.csproj", "{E0F87CBC-DAD5-47F7-8659-815EC59FA894}"
EndProject
Project("{2150E333-8FDC-42A3-9474-1A3956D46DE8}") = "tests", "tests", "{0AB3BF05-4346-4AA6-1389-037BE0695223}"
EndProject
Project("{FAE04EC0-301F-11D3-BF4B-00C04F79EFBC}") = "Arbitrage.Domain.Tests", "tests\Arbitrage.Domain.Tests\Arbitrage.Domain.Tests.csproj", "{680ABADD-5614-4A99-812F-31331E9DE8CC}"
EndProject
Project("{FAE04EC0-301F-11D3-BF4B-00C04F79EFBC}") = "Arbitrage.Application.Tests", "tests\Arbitrage.Application.Tests\Arbitrage.Application.Tests.csproj", "{FE7AFC9F-690C-4222-A068-F55603766879}"
EndProject
Project("{FAE04EC0-301F-11D3-BF4B-00C04F79EFBC}") = "Arbitrage.Backend.IntegrationTests", "tests\Arbitrage.Backend.IntegrationTests\Arbitrage.Backend.IntegrationTests.csproj", "{0E4BA070-25AE-40F7-A497-C9CEE5C78E56}"
EndProject
Global
	GlobalSection(SolutionConfigurationPlatforms) = preSolution
		Debug|Any CPU = Debug|Any CPU
		Debug|x64 = Debug|x64
		Debug|x86 = Debug|x86
		Release|Any CPU = Release|Any CPU
		Release|x64 = Release|x64
		Release|x86 = Release|x86
	EndGlobalSection
	GlobalSection(ProjectConfigurationPlatforms) = postSolution
		{BE282D57-8A3E-41A2-AE41-A4447FDD4FEA}.Debug|Any CPU.ActiveCfg = Debug|Any CPU
		{BE282D57-8A3E-41A2-AE41-A4447FDD4FEA}.Debug|Any CPU.Build.0 = Debug|Any CPU
		{BE282D57-8A3E-41A2-AE41-A4447FDD4FEA}.Debug|x64.ActiveCfg = Debug|Any CPU
		{BE282D57-8A3E-41A2-AE41-A4447FDD4FEA}.Debug|x64.Build.0 = Debug|Any CPU
		{BE282D57-8A3E-41A2-AE41-A4447FDD4FEA}.Debug|x86.ActiveCfg = Debug|Any CPU
		{BE282D57-8A3E-41A2-AE41-A4447FDD4FEA}.Debug|x86.Build.0 = Debug|Any CPU
		{BE282D57-8A3E-41A2-AE41-A4447FDD4FEA}.Release|Any CPU.ActiveCfg = Release|Any CPU
		{BE282D57-8A3E-41A2-AE41-A4447FDD4FEA}.Release|Any CPU.Build.0 = Release|Any CPU
		{BE282D57-8A3E-41A2-AE41-A4447FDD4FEA}.Release|x64.ActiveCfg = Release|Any CPU
		{BE282D57-8A3E-41A2-AE41-A4447FDD4FEA}.Release|x64.Build.0 = Release|Any CPU
		{BE282D57-8A3E-41A2-AE41-A4447FDD4FEA}.Release|x86.ActiveCfg = Release|Any CPU
		{BE282D57-8A3E-41A2-AE41-A4447FDD4FEA}.Release|x86.Build.0 = Release|Any CPU
		{13E974C0-AE27-4802-8ED7-E1EA9C503557}.Debug|Any CPU.ActiveCfg = Debug|Any CPU
		{13E974C0-AE27-4802-8ED7-E1EA9C503557}.Debug|Any CPU.Build.0 = Debug|Any CPU
		{13E974C0-AE27-4802-8ED7-E1EA9C503557}.Debug|x64.ActiveCfg = Debug|Any CPU
		{13E974C0-AE27-4802-8ED7-E1EA9C503557}.Debug|x64.Build.0 = Debug|Any CPU
		{13E974C0-AE27-4802-8ED7-E1EA9C503557}.Debug|x86.ActiveCfg = Debug|Any CPU
		{13E974C0-AE27-4802-8ED7-E1EA9C503557}.Debug|x86.Build.0 = Debug|Any CPU
		{13E974C0-AE27-4802-8ED7-E1EA9C503557}.Release|Any CPU.ActiveCfg = Release|Any CPU
		{13E974C0-AE27-4802-8ED7-E1EA9C503557}.Release|Any CPU.Build.0 = Release|Any CPU
		{13E974C0-AE27-4802-8ED7-E1EA9C503557}.Release|x64.ActiveCfg = Release|Any CPU
		{13E974C0-AE27-4802-8ED7-E1EA9C503557}.Release|x64.Build.0 = Release|Any CPU
		{13E974C0-AE27-4802-8ED7-E1EA9C503557}.Release|x86.ActiveCfg = Release|Any CPU
		{13E974C0-AE27-4802-8ED7-E1EA9C503557}.Release|x86.Build.0 = Release|Any CPU
		{DDCD9990-7DFF-4238-BF37-95FCDC415FB9}.Debug|Any CPU.ActiveCfg = Debug|Any CPU
		{DDCD9990-7DFF-4238-BF37-95FCDC415FB9}.Debug|Any CPU.Build.0 = Debug|Any CPU
		{DDCD9990-7DFF-4238-BF37-95FCDC415FB9}.Debug|x64.ActiveCfg = Debug|Any CPU
		{DDCD9990-7DFF-4238-BF37-95FCDC415FB9}.Debug|x64.Build.0 = Debug|Any CPU
		{DDCD9990-7DFF-4238-BF37-95FCDC415FB9}.Debug|x86.ActiveCfg = Debug|Any CPU
		{DDCD9990-7DFF-4238-BF37-95FCDC415FB9}.Debug|x86.Build.0 = Debug|Any CPU
		{DDCD9990-7DFF-4238-BF37-95FCDC415FB9}.Release|Any CPU.ActiveCfg = Release|Any CPU
		{DDCD9990-7DFF-4238-BF37-95FCDC415FB9}.Release|Any CPU.Build.0 = Release|Any CPU
		{DDCD9990-7DFF-4238-BF37-95FCDC415FB9}.Release|x64.ActiveCfg = Release|Any CPU
		{DDCD9990-7DFF-4238-BF37-95FCDC415FB9}.Release|x64.Build.0 = Release|Any CPU
		{DDCD9990-7DFF-4238-BF37-95FCDC415FB9}.Release|x86.ActiveCfg = Release|Any CPU
		{DDCD9990-7DFF-4238-BF37-95FCDC415FB9}.Release|x86.Build.0 = Release|Any CPU
		{95D68F6C-AF5A-4EB7-8FC3-7AD01F3A50BB}.Debug|Any CPU.ActiveCfg = Debug|Any CPU
		{95D68F6C-AF5A-4EB7-8FC3-7AD01F3A50BB}.Debug|Any CPU.Build.0 = Debug|Any CPU
		{95D68F6C-AF5A-4EB7-8FC3-7AD01F3A50BB}.Debug|x64.ActiveCfg = Debug|Any CPU
		{95D68F6C-AF5A-4EB7-8FC3-7AD01F3A50BB}.Debug|x64.Build.0 = Debug|Any CPU
		{95D68F6C-AF5A-4EB7-8FC3-7AD01F3A50BB}.Debug|x86.ActiveCfg = Debug|Any CPU
		{95D68F6C-AF5A-4EB7-8FC3-7AD01F3A50BB}.Debug|x86.Build.0 = Debug|Any CPU
		{95D68F6C-AF5A-4EB7-8FC3-7AD01F3A50BB}.Release|Any CPU.ActiveCfg = Release|Any CPU
		{95D68F6C-AF5A-4EB7-8FC3-7AD01F3A50BB}.Release|Any CPU.Build.0 = Release|Any CPU
		{95D68F6C-AF5A-4EB7-8FC3-7AD01F3A50BB}.Release|x64.ActiveCfg = Release|Any CPU
		{95D68F6C-AF5A-4EB7-8FC3-7AD01F3A50BB}.Release|x64.Build.0 = Release|Any CPU
		{95D68F6C-AF5A-4EB7-8FC3-7AD01F3A50BB}.Release|x86.ActiveCfg = Release|Any CPU
		{95D68F6C-AF5A-4EB7-8FC3-7AD01F3A50BB}.Release|x86.Build.0 = Release|Any CPU
		{B4AC6B29-1AA7-43DE-B2F7-F51AA660FC16}.Debug|Any CPU.ActiveCfg = Debug|Any CPU
		{B4AC6B29-1AA7-43DE-B2F7-F51AA660FC16}.Debug|Any CPU.Build.0 = Debug|Any CPU
		{B4AC6B29-1AA7-43DE-B2F7-F51AA660FC16}.Debug|x64.ActiveCfg = Debug|Any CPU
		{B4AC6B29-1AA7-43DE-B2F7-F51AA660FC16}.Debug|x64.Build.0 = Debug|Any CPU
		{B4AC6B29-1AA7-43DE-B2F7-F51AA660FC16}.Debug|x86.ActiveCfg = Debug|Any CPU
		{B4AC6B29-1AA7-43DE-B2F7-F51AA660FC16}.Debug|x86.Build.0 = Debug|Any CPU
		{B4AC6B29-1AA7-43DE-B2F7-F51AA660FC16}.Release|Any CPU.ActiveCfg = Release|Any CPU
		{B4AC6B29-1AA7-43DE-B2F7-F51AA660FC16}.Release|Any CPU.Build.0 = Release|Any CPU
		{B4AC6B29-1AA7-43DE-B2F7-F51AA660FC16}.Release|x64.ActiveCfg = Release|Any CPU
		{B4AC6B29-1AA7-43DE-B2F7-F51AA660FC16}.Release|x64.Build.0 = Release|Any CPU
		{B4AC6B29-1AA7-43DE-B2F7-F51AA660FC16}.Release|x86.ActiveCfg = Release|Any CPU
		{B4AC6B29-1AA7-43DE-B2F7-F51AA660FC16}.Release|x86.Build.0 = Release|Any CPU
		{E3986B74-6512-4E4D-AA1B-86F28B0412EA}.Debug|Any CPU.ActiveCfg = Debug|Any CPU
		{E3986B74-6512-4E4D-AA1B-86F28B0412EA}.Debug|Any CPU.Build.0 = Debug|Any CPU
		{E3986B74-6512-4E4D-AA1B-86F28B0412EA}.Debug|x64.ActiveCfg = Debug|Any CPU
		{E3986B74-6512-4E4D-AA1B-86F28B0412EA}.Debug|x64.Build.0 = Debug|Any CPU
		{E3986B74-6512-4E4D-AA1B-86F28B0412EA}.Debug|x86.ActiveCfg = Debug|Any CPU
		{E3986B74-6512-4E4D-AA1B-86F28B0412EA}.Debug|x86.Build.0 = Debug|Any CPU
		{E3986B74-6512-4E4D-AA1B-86F28B0412EA}.Release|Any CPU.ActiveCfg = Release|Any CPU
		{E3986B74-6512-4E4D-AA1B-86F28B0412EA}.Release|Any CPU.Build.0 = Release|Any CPU
		{E3986B74-6512-4E4D-AA1B-86F28B0412EA}.Release|x64.ActiveCfg = Release|Any CPU
		{E3986B74-6512-4E4D-AA1B-86F28B0412EA}.Release|x64.Build.0 = Release|Any CPU
		{E3986B74-6512-4E4D-AA1B-86F28B0412EA}.Release|x86.ActiveCfg = Release|Any CPU
		{E3986B74-6512-4E4D-AA1B-86F28B0412EA}.Release|x86.Build.0 = Release|Any CPU
		{9E6E2319-A73F-4D81-BC4C-C9DC66214072}.Debug|Any CPU.ActiveCfg = Debug|Any CPU
		{9E6E2319-A73F-4D81-BC4C-C9DC66214072}.Debug|Any CPU.Build.0 = Debug|Any CPU
		{9E6E2319-A73F-4D81-BC4C-C9DC66214072}.Debug|x64.ActiveCfg = Debug|Any CPU
		{9E6E2319-A73F-4D81-BC4C-C9DC66214072}.Debug|x64.Build.0 = Debug|Any CPU
		{9E6E2319-A73F-4D81-BC4C-C9DC66214072}.Debug|x86.ActiveCfg = Debug|Any CPU
		{9E6E2319-A73F-4D81-BC4C-C9DC66214072}.Debug|x86.Build.0 = Debug|Any CPU
		{9E6E2319-A73F-4D81-BC4C-C9DC66214072}.Release|Any CPU.ActiveCfg = Release|Any CPU
		{9E6E2319-A73F-4D81-BC4C-C9DC66214072}.Release|Any CPU.Build.0 = Release|Any CPU
		{9E6E2319-A73F-4D81-BC4C-C9DC66214072}.Release|x64.ActiveCfg = Release|Any CPU
		{9E6E2319-A73F-4D81-BC4C-C9DC66214072}.Release|x64.Build.0 = Release|Any CPU
		{9E6E2319-A73F-4D81-BC4C-C9DC66214072}.Release|x86.ActiveCfg = Release|Any CPU
		{9E6E2319-A73F-4D81-BC4C-C9DC66214072}.Release|x86.Build.0 = Release|Any CPU
		{AC485686-84BA-45CC-B5EC-38F243F4C4B7}.Debug|Any CPU.ActiveCfg = Debug|Any CPU
		{AC485686-84BA-45CC-B5EC-38F243F4C4B7}.Debug|Any CPU.Build.0 = Debug|Any CPU
		{AC485686-84BA-45CC-B5EC-38F243F4C4B7}.Debug|x64.ActiveCfg = Debug|Any CPU
		{AC485686-84BA-45CC-B5EC-38F243F4C4B7}.Debug|x64.Build.0 = Debug|Any CPU
		{AC485686-84BA-45CC-B5EC-38F243F4C4B7}.Debug|x86.ActiveCfg = Debug|Any CPU
		{AC485686-84BA-45CC-B5EC-38F243F4C4B7}.Debug|x86.Build.0 = Debug|Any CPU
		{AC485686-84BA-45CC-B5EC-38F243F4C4B7}.Release|Any CPU.ActiveCfg = Release|Any CPU
		{AC485686-84BA-45CC-B5EC-38F243F4C4B7}.Release|Any CPU.Build.0 = Release|Any CPU
		{AC485686-84BA-45CC-B5EC-38F243F4C4B7}.Release|x64.ActiveCfg = Release|Any CPU
		{AC485686-84BA-45CC-B5EC-38F243F4C4B7}.Release|x64.Build.0 = Release|Any CPU
		{AC485686-84BA-45CC-B5EC-38F243F4C4B7}.Release|x86.ActiveCfg = Release|Any CPU
		{AC485686-84BA-45CC-B5EC-38F243F4C4B7}.Release|x86.Build.0 = Release|Any CPU
		{E0F87CBC-DAD5-47F7-8659-815EC59FA894}.Debug|Any CPU.ActiveCfg = Debug|Any CPU
		{E0F87CBC-DAD5-47F7-8659-815EC59FA894}.Debug|Any CPU.Build.0 = Debug|Any CPU
		{E0F87CBC-DAD5-47F7-8659-815EC59FA894}.Debug|x64.ActiveCfg = Debug|Any CPU
		{E0F87CBC-DAD5-47F7-8659-815EC59FA894}.Debug|x64.Build.0 = Debug|Any CPU
		{E0F87CBC-DAD5-47F7-8659-815EC59FA894}.Debug|x86.ActiveCfg = Debug|Any CPU
		{E0F87CBC-DAD5-47F7-8659-815EC59FA894}.Debug|x86.Build.0 = Debug|Any CPU
		{E0F87CBC-DAD5-47F7-8659-815EC59FA894}.Release|Any CPU.ActiveCfg = Release|Any CPU
		{E0F87CBC-DAD5-47F7-8659-815EC59FA894}.Release|Any CPU.Build.0 = Release|Any CPU
		{E0F87CBC-DAD5-47F7-8659-815EC59FA894}.Release|x64.ActiveCfg = Release|Any CPU
		{E0F87CBC-DAD5-47F7-8659-815EC59FA894}.Release|x64.Build.0 = Release|Any CPU
		{E0F87CBC-DAD5-47F7-8659-815EC59FA894}.Release|x86.ActiveCfg = Release|Any CPU
		{E0F87CBC-DAD5-47F7-8659-815EC59FA894}.Release|x86.Build.0 = Release|Any CPU
		{680ABADD-5614-4A99-812F-31331E9DE8CC}.Debug|Any CPU.ActiveCfg = Debug|Any CPU
		{680ABADD-5614-4A99-812F-31331E9DE8CC}.Debug|Any CPU.Build.0 = Debug|Any CPU
		{680ABADD-5614-4A99-812F-31331E9DE8CC}.Debug|x64.ActiveCfg = Debug|Any CPU
		{680ABADD-5614-4A99-812F-31331E9DE8CC}.Debug|x64.Build.0 = Debug|Any CPU
		{680ABADD-5614-4A99-812F-31331E9DE8CC}.Debug|x86.ActiveCfg = Debug|Any CPU
		{680ABADD-5614-4A99-812F-31331E9DE8CC}.Debug|x86.Build.0 = Debug|Any CPU
		{680ABADD-5614-4A99-812F-31331E9DE8CC}.Release|Any CPU.ActiveCfg = Release|Any CPU
		{680ABADD-5614-4A99-812F-31331E9DE8CC}.Release|Any CPU.Build.0 = Release|Any CPU
		{680ABADD-5614-4A99-812F-31331E9DE8CC}.Release|x64.ActiveCfg = Release|Any CPU
		{680ABADD-5614-4A99-812F-31331E9DE8CC}.Release|x64.Build.0 = Release|Any CPU
		{680ABADD-5614-4A99-812F-31331E9DE8CC}.Release|x86.ActiveCfg = Release|Any CPU
		{680ABADD-5614-4A99-812F-31331E9DE8CC}.Release|x86.Build.0 = Release|Any CPU
		{FE7AFC9F-690C-4222-A068-F55603766879}.Debug|Any CPU.ActiveCfg = Debug|Any CPU
		{FE7AFC9F-690C-4222-A068-F55603766879}.Debug|Any CPU.Build.0 = Debug|Any CPU
		{FE7AFC9F-690C-4222-A068-F55603766879}.Debug|x64.ActiveCfg = Debug|Any CPU
		{FE7AFC9F-690C-4222-A068-F55603766879}.Debug|x64.Build.0 = Debug|Any CPU
		{FE7AFC9F-690C-4222-A068-F55603766879}.Debug|x86.ActiveCfg = Debug|Any CPU
		{FE7AFC9F-690C-4222-A068-F55603766879}.Debug|x86.Build.0 = Debug|Any CPU
		{FE7AFC9F-690C-4222-A068-F55603766879}.Release|Any CPU.ActiveCfg = Release|Any CPU
		{FE7AFC9F-690C-4222-A068-F55603766879}.Release|Any CPU.Build.0 = Release|Any CPU
		{FE7AFC9F-690C-4222-A068-F55603766879}.Release|x64.ActiveCfg = Release|Any CPU
		{FE7AFC9F-690C-4222-A068-F55603766879}.Release|x64.Build.0 = Release|Any CPU
		{FE7AFC9F-690C-4222-A068-F55603766879}.Release|x86.ActiveCfg = Release|Any CPU
		{FE7AFC9F-690C-4222-A068-F55603766879}.Release|x86.Build.0 = Release|Any CPU
		{0E4BA070-25AE-40F7-A497-C9CEE5C78E56}.Debug|Any CPU.ActiveCfg = Debug|Any CPU
		{0E4BA070-25AE-40F7-A497-C9CEE5C78E56}.Debug|Any CPU.Build.0 = Debug|Any CPU
		{0E4BA070-25AE-40F7-A497-C9CEE5C78E56}.Debug|x64.ActiveCfg = Debug|Any CPU
		{0E4BA070-25AE-40F7-A497-C9CEE5C78E56}.Debug|x64.Build.0 = Debug|Any CPU
		{0E4BA070-25AE-40F7-A497-C9CEE5C78E56}.Debug|x86.ActiveCfg = Debug|Any CPU
		{0E4BA070-25AE-40F7-A497-C9CEE5C78E56}.Debug|x86.Build.0 = Debug|Any CPU
		{0E4BA070-25AE-40F7-A497-C9CEE5C78E56}.Release|Any CPU.ActiveCfg = Release|Any CPU
		{0E4BA070-25AE-40F7-A497-C9CEE5C78E56}.Release|Any CPU.Build.0 = Release|Any CPU
		{0E4BA070-25AE-40F7-A497-C9CEE5C78E56}.Release|x64.ActiveCfg = Release|Any CPU
		{0E4BA070-25AE-40F7-A497-C9CEE5C78E56}.Release|x64.Build.0 = Release|Any CPU
		{0E4BA070-25AE-40F7-A497-C9CEE5C78E56}.Release|x86.ActiveCfg = Release|Any CPU
		{0E4BA070-25AE-40F7-A497-C9CEE5C78E56}.Release|x86.Build.0 = Release|Any CPU
	EndGlobalSection
	GlobalSection(SolutionProperties) = preSolution
		HideSolutionNode = FALSE
	EndGlobalSection
	GlobalSection(NestedProjects) = preSolution
		{BE282D57-8A3E-41A2-AE41-A4447FDD4FEA} = {827E0CD3-B72D-47B6-A68D-7590B98EB39B}
		{13E974C0-AE27-4802-8ED7-E1EA9C503557} = {827E0CD3-B72D-47B6-A68D-7590B98EB39B}
		{DDCD9990-7DFF-4238-BF37-95FCDC415FB9} = {827E0CD3-B72D-47B6-A68D-7590B98EB39B}
		{95D68F6C-AF5A-4EB7-8FC3-7AD01F3A50BB} = {827E0CD3-B72D-47B6-A68D-7590B98EB39B}
		{B4AC6B29-1AA7-43DE-B2F7-F51AA660FC16} = {827E0CD3-B72D-47B6-A68D-7590B98EB39B}
		{E3986B74-6512-4E4D-AA1B-86F28B0412EA} = {827E0CD3-B72D-47B6-A68D-7590B98EB39B}
		{9E6E2319-A73F-4D81-BC4C-C9DC66214072} = {827E0CD3-B72D-47B6-A68D-7590B98EB39B}
		{AC485686-84BA-45CC-B5EC-38F243F4C4B7} = {827E0CD3-B72D-47B6-A68D-7590B98EB39B}
		{E0F87CBC-DAD5-47F7-8659-815EC59FA894} = {827E0CD3-B72D-47B6-A68D-7590B98EB39B}
		{680ABADD-5614-4A99-812F-31331E9DE8CC} = {0AB3BF05-4346-4AA6-1389-037BE0695223}
		{FE7AFC9F-690C-4222-A068-F55603766879} = {0AB3BF05-4346-4AA6-1389-037BE0695223}
		{0E4BA070-25AE-40F7-A497-C9CEE5C78E56} = {0AB3BF05-4346-4AA6-1389-037BE0695223}
	EndGlobalSection
EndGlobal
